
Microsoft Visual Studio Solution File, Format Version 12.00
# Visual Studio Version 16
VisualStudioVersion = 16.0.29613.14
MinimumVisualStudioVersion = 10.0.40219.1
Project("{FAE04EC0-301F-11D3-BF4B-00C04F79EFBC}") = "EasyNote", "EasyNote\EasyNote.csproj", "{BCACB950-5B9B-47B8-802C-3AAD45901576}"
EndProject
Global
	GlobalSection(SolutionConfigurationPlatforms) = preSolution
		Debug|Any CPU = Debug|Any CPU
		Release|Any CPU = Release|Any CPU
	EndGlobalSection
	GlobalSection(ProjectConfigurationPlatforms) = postSolution
		{BCACB950-5B9B-47B8-802C-3AAD45901576}.Debug|Any CPU.ActiveCfg = Debug|Any CPU
		{BCACB950-5B9B-47B8-802C-3AAD45901576}.Debug|Any CPU.Build.0 = Debug|Any CPU
		{BCACB950-5B9B-47B8-802C-3AAD45901576}.Release|Any CPU.ActiveCfg = Release|Any CPU
		{BCACB950-5B9B-47B8-802C-3AAD45901576}.Release|Any CPU.Build.0 = Release|Any CPU
	EndGlobalSection
	GlobalSection(SolutionProperties) = preSolution
		HideSolutionNode = FALSE
	EndGlobalSection
	GlobalSection(ExtensibilityGlobals) = postSolution
		SolutionGuid = {7492E8D8-9C05-4366-B7D0-3A659684A229}
	EndGlobalSection
EndGlobal
